// !$*UTF8*$!
{
	archiveVersion = 1;
	classes = {
	};
	objectVersion = 56;
	objects = {

/* Begin PBXBuildFile section */
		F105DB3A2B6015A800851FBE /* AppDelegate.swift in Sources */ = {isa = PBXBuildFile; fileRef = F105DB392B6015A800851FBE /* AppDelegate.swift */; };
		F105DB432B6015A900851FBE /* Assets.xcassets in Resources */ = {isa = PBXBuildFile; fileRef = F105DB422B6015A900851FBE /* Assets.xcassets */; };
		F105DB462B6015A900851FBE /* LaunchScreen.storyboard in Resources */ = {isa = PBXBuildFile; fileRef = F105DB442B6015A900851FBE /* LaunchScreen.storyboard */; };
		F105DB512B6019D900851FBE /* Swinject in Frameworks */ = {isa = PBXBuildFile; productRef = F105DB502B6019D900851FBE /* Swinject */; };
		F105DB532B6019D900851FBE /* Swinject-Dynamic in Frameworks */ = {isa = PBXBuildFile; productRef = F105DB522B6019D900851FBE /* Swinject-Dynamic */; };
		F105DB562B601A1600851FBE /* SwinjectAutoregistration in Frameworks */ = {isa = PBXBuildFile; productRef = F105DB552B601A1600851FBE /* SwinjectAutoregistration */; };
		F105DB582B601A1600851FBE /* SwinjectAutoregistration-Dynamic in Frameworks */ = {isa = PBXBuildFile; productRef = F105DB572B601A1600851FBE /* SwinjectAutoregistration-Dynamic */; };
		F105DB5B2B601A7E00851FBE /* XCoordinator in Frameworks */ = {isa = PBXBuildFile; productRef = F105DB5A2B601A7E00851FBE /* XCoordinator */; };
		F105DB5D2B601A7E00851FBE /* XCoordinatorCombine in Frameworks */ = {isa = PBXBuildFile; productRef = F105DB5C2B601A7E00851FBE /* XCoordinatorCombine */; };
		F105DB5F2B601A7E00851FBE /* XCoordinatorRx in Frameworks */ = {isa = PBXBuildFile; productRef = F105DB5E2B601A7E00851FBE /* XCoordinatorRx */; };
		F105DB622B601A9800851FBE /* Alamofire in Frameworks */ = {isa = PBXBuildFile; productRef = F105DB612B601A9800851FBE /* Alamofire */; };
		F105DB652B601AB300851FBE /* SnapKit in Frameworks */ = {isa = PBXBuildFile; productRef = F105DB642B601AB300851FBE /* SnapKit */; };
		F105DB672B601AB300851FBE /* SnapKit-Dynamic in Frameworks */ = {isa = PBXBuildFile; productRef = F105DB662B601AB300851FBE /* SnapKit-Dynamic */; };
		F1362FF22B6566A6006D7E61 /* ClientTabBarCoordinator.swift in Sources */ = {isa = PBXBuildFile; fileRef = F1362FF12B6566A6006D7E61 /* ClientTabBarCoordinator.swift */; };
		F1362FF42B6566C0006D7E61 /* ClientTabBarController.swift in Sources */ = {isa = PBXBuildFile; fileRef = F1362FF32B6566C0006D7E61 /* ClientTabBarController.swift */; };
		F1C65B4A2B65577300B49A91 /* AppCoordinator.swift in Sources */ = {isa = PBXBuildFile; fileRef = F1C65B492B65577300B49A91 /* AppCoordinator.swift */; };
		F1C65B4D2B65580C00B49A91 /* BaseView.swift in Sources */ = {isa = PBXBuildFile; fileRef = F1C65B4C2B65580C00B49A91 /* BaseView.swift */; };
		F1C65B4F2B65583400B49A91 /* BaseController.swift in Sources */ = {isa = PBXBuildFile; fileRef = F1C65B4E2B65583400B49A91 /* BaseController.swift */; };
		F1C65B512B65588100B49A91 /* BaseNavigationController.swift in Sources */ = {isa = PBXBuildFile; fileRef = F1C65B502B65588100B49A91 /* BaseNavigationController.swift */; };
		F1C65B532B65589500B49A91 /* BaseViewModel.swift in Sources */ = {isa = PBXBuildFile; fileRef = F1C65B522B65589500B49A91 /* BaseViewModel.swift */; };
		F1C65B552B6558D600B49A91 /* BaseTVCell.swift in Sources */ = {isa = PBXBuildFile; fileRef = F1C65B542B6558D600B49A91 /* BaseTVCell.swift */; };
		F1C65B572B65590500B49A91 /* BaseCVCell.swift in Sources */ = {isa = PBXBuildFile; fileRef = F1C65B562B65590500B49A91 /* BaseCVCell.swift */; };
		F1C65B592B65592300B49A91 /* ReusableView.swift in Sources */ = {isa = PBXBuildFile; fileRef = F1C65B582B65592300B49A91 /* ReusableView.swift */; };
		F1C65B5D2B65598000B49A91 /* Swinjectable.swift in Sources */ = {isa = PBXBuildFile; fileRef = F1C65B5C2B65598000B49A91 /* Swinjectable.swift */; };
		F1C65B5F2B6559C400B49A91 /* ViewModulesAssembly.swift in Sources */ = {isa = PBXBuildFile; fileRef = F1C65B5E2B6559C400B49A91 /* ViewModulesAssembly.swift */; };
		F1C65B612B6559F300B49A91 /* ServicesAssembly.swift in Sources */ = {isa = PBXBuildFile; fileRef = F1C65B602B6559F300B49A91 /* ServicesAssembly.swift */; };
		F1C65B662B655AC100B49A91 /* ClientGreetingController.swift in Sources */ = {isa = PBXBuildFile; fileRef = F1C65B652B655AC100B49A91 /* ClientGreetingController.swift */; };
		F1C65B692B655B2A00B49A91 /* ClientGreetingViewModel.swift in Sources */ = {isa = PBXBuildFile; fileRef = F1C65B682B655B2A00B49A91 /* ClientGreetingViewModel.swift */; };
		F1C65B6B2B655BB900B49A91 /* ClientGreetingPresentable.swift in Sources */ = {isa = PBXBuildFile; fileRef = F1C65B6A2B655BB900B49A91 /* ClientGreetingPresentable.swift */; };
		F1C65B6E2B655CC000B49A91 /* UIView+Extensions.swift in Sources */ = {isa = PBXBuildFile; fileRef = F1C65B6D2B655CC000B49A91 /* UIView+Extensions.swift */; };
		F1C65B702B655CF100B49A91 /* UIAlertController+Extension.swift in Sources */ = {isa = PBXBuildFile; fileRef = F1C65B6F2B655CF100B49A91 /* UIAlertController+Extension.swift */; };
		F1C65B762B655D7000B49A91 /* NetworkManager.swift in Sources */ = {isa = PBXBuildFile; fileRef = F1C65B752B655D7000B49A91 /* NetworkManager.swift */; };
		F1C65B782B655D9600B49A91 /* NetworkURLs.swift in Sources */ = {isa = PBXBuildFile; fileRef = F1C65B772B655D9600B49A91 /* NetworkURLs.swift */; };
		F1C65B7A2B655E2700B49A91 /* NetworkManagerImpl.swift in Sources */ = {isa = PBXBuildFile; fileRef = F1C65B792B655E2700B49A91 /* NetworkManagerImpl.swift */; };
		F1C65B7D2B655EB600B49A91 /* SwinjectServices.swift in Sources */ = {isa = PBXBuildFile; fileRef = F1C65B7C2B655EB600B49A91 /* SwinjectServices.swift */; };
		F1C65B802B655EF100B49A91 /* UserDefaultsService.swift in Sources */ = {isa = PBXBuildFile; fileRef = F1C65B7F2B655EF100B49A91 /* UserDefaultsService.swift */; };
		F1C65B822B655F1000B49A91 /* UserDefaultsServiceKeys.swift in Sources */ = {isa = PBXBuildFile; fileRef = F1C65B812B655F1000B49A91 /* UserDefaultsServiceKeys.swift */; };
		F1C65B842B655FA900B49A91 /* ClientGreetingCoordinator.swift in Sources */ = {isa = PBXBuildFile; fileRef = F1C65B832B655FA900B49A91 /* ClientGreetingCoordinator.swift */; };
/* End PBXBuildFile section */

/* Begin PBXFileReference section */
		F105DB362B6015A800851FBE /* Bilimot.app */ = {isa = PBXFileReference; explicitFileType = wrapper.application; includeInIndex = 0; path = Bilimot.app; sourceTree = BUILT_PRODUCTS_DIR; };
		F105DB392B6015A800851FBE /* AppDelegate.swift */ = {isa = PBXFileReference; lastKnownFileType = sourcecode.swift; path = AppDelegate.swift; sourceTree = "<group>"; };
		F105DB422B6015A900851FBE /* Assets.xcassets */ = {isa = PBXFileReference; lastKnownFileType = folder.assetcatalog; path = Assets.xcassets; sourceTree = "<group>"; };
		F105DB452B6015A900851FBE /* Base */ = {isa = PBXFileReference; lastKnownFileType = file.storyboard; name = Base; path = Base.lproj/LaunchScreen.storyboard; sourceTree = "<group>"; };
		F105DB472B6015A900851FBE /* Info.plist */ = {isa = PBXFileReference; lastKnownFileType = text.plist.xml; path = Info.plist; sourceTree = "<group>"; };
		F1362FF12B6566A6006D7E61 /* ClientTabBarCoordinator.swift */ = {isa = PBXFileReference; lastKnownFileType = sourcecode.swift; path = ClientTabBarCoordinator.swift; sourceTree = "<group>"; };
		F1362FF32B6566C0006D7E61 /* ClientTabBarController.swift */ = {isa = PBXFileReference; lastKnownFileType = sourcecode.swift; path = ClientTabBarController.swift; sourceTree = "<group>"; };
		F1C65B492B65577300B49A91 /* AppCoordinator.swift */ = {isa = PBXFileReference; lastKnownFileType = sourcecode.swift; path = AppCoordinator.swift; sourceTree = "<group>"; };
		F1C65B4C2B65580C00B49A91 /* BaseView.swift */ = {isa = PBXFileReference; lastKnownFileType = sourcecode.swift; path = BaseView.swift; sourceTree = "<group>"; };
		F1C65B4E2B65583400B49A91 /* BaseController.swift */ = {isa = PBXFileReference; lastKnownFileType = sourcecode.swift; path = BaseController.swift; sourceTree = "<group>"; };
		F1C65B502B65588100B49A91 /* BaseNavigationController.swift */ = {isa = PBXFileReference; lastKnownFileType = sourcecode.swift; path = BaseNavigationController.swift; sourceTree = "<group>"; };
		F1C65B522B65589500B49A91 /* BaseViewModel.swift */ = {isa = PBXFileReference; lastKnownFileType = sourcecode.swift; path = BaseViewModel.swift; sourceTree = "<group>"; };
		F1C65B542B6558D600B49A91 /* BaseTVCell.swift */ = {isa = PBXFileReference; lastKnownFileType = sourcecode.swift; path = BaseTVCell.swift; sourceTree = "<group>"; };
		F1C65B562B65590500B49A91 /* BaseCVCell.swift */ = {isa = PBXFileReference; lastKnownFileType = sourcecode.swift; path = BaseCVCell.swift; sourceTree = "<group>"; };
		F1C65B582B65592300B49A91 /* ReusableView.swift */ = {isa = PBXFileReference; lastKnownFileType = sourcecode.swift; path = ReusableView.swift; sourceTree = "<group>"; };
		F1C65B5C2B65598000B49A91 /* Swinjectable.swift */ = {isa = PBXFileReference; lastKnownFileType = sourcecode.swift; path = Swinjectable.swift; sourceTree = "<group>"; };
		F1C65B5E2B6559C400B49A91 /* ViewModulesAssembly.swift */ = {isa = PBXFileReference; lastKnownFileType = sourcecode.swift; path = ViewModulesAssembly.swift; sourceTree = "<group>"; };
		F1C65B602B6559F300B49A91 /* ServicesAssembly.swift */ = {isa = PBXFileReference; lastKnownFileType = sourcecode.swift; path = ServicesAssembly.swift; sourceTree = "<group>"; };
		F1C65B652B655AC100B49A91 /* ClientGreetingController.swift */ = {isa = PBXFileReference; lastKnownFileType = sourcecode.swift; path = ClientGreetingController.swift; sourceTree = "<group>"; };
		F1C65B682B655B2A00B49A91 /* ClientGreetingViewModel.swift */ = {isa = PBXFileReference; lastKnownFileType = sourcecode.swift; path = ClientGreetingViewModel.swift; sourceTree = "<group>"; };
		F1C65B6A2B655BB900B49A91 /* ClientGreetingPresentable.swift */ = {isa = PBXFileReference; lastKnownFileType = sourcecode.swift; path = ClientGreetingPresentable.swift; sourceTree = "<group>"; };
		F1C65B6D2B655CC000B49A91 /* UIView+Extensions.swift */ = {isa = PBXFileReference; lastKnownFileType = sourcecode.swift; path = "UIView+Extensions.swift"; sourceTree = "<group>"; };
		F1C65B6F2B655CF100B49A91 /* UIAlertController+Extension.swift */ = {isa = PBXFileReference; lastKnownFileType = sourcecode.swift; path = "UIAlertController+Extension.swift"; sourceTree = "<group>"; };
		F1C65B752B655D7000B49A91 /* NetworkManager.swift */ = {isa = PBXFileReference; lastKnownFileType = sourcecode.swift; path = NetworkManager.swift; sourceTree = "<group>"; };
		F1C65B772B655D9600B49A91 /* NetworkURLs.swift */ = {isa = PBXFileReference; lastKnownFileType = sourcecode.swift; path = NetworkURLs.swift; sourceTree = "<group>"; };
		F1C65B792B655E2700B49A91 /* NetworkManagerImpl.swift */ = {isa = PBXFileReference; lastKnownFileType = sourcecode.swift; path = NetworkManagerImpl.swift; sourceTree = "<group>"; };
		F1C65B7C2B655EB600B49A91 /* SwinjectServices.swift */ = {isa = PBXFileReference; lastKnownFileType = sourcecode.swift; path = SwinjectServices.swift; sourceTree = "<group>"; };
		F1C65B7F2B655EF100B49A91 /* UserDefaultsService.swift */ = {isa = PBXFileReference; lastKnownFileType = sourcecode.swift; path = UserDefaultsService.swift; sourceTree = "<group>"; };
		F1C65B812B655F1000B49A91 /* UserDefaultsServiceKeys.swift */ = {isa = PBXFileReference; lastKnownFileType = sourcecode.swift; path = UserDefaultsServiceKeys.swift; sourceTree = "<group>"; };
		F1C65B832B655FA900B49A91 /* ClientGreetingCoordinator.swift */ = {isa = PBXFileReference; lastKnownFileType = sourcecode.swift; path = ClientGreetingCoordinator.swift; sourceTree = "<group>"; };
/* End PBXFileReference section */

/* Begin PBXFrameworksBuildPhase section */
		F105DB332B6015A800851FBE /* Frameworks */ = {
			isa = PBXFrameworksBuildPhase;
			buildActionMask = 2147483647;
			files = (
				F105DB5F2B601A7E00851FBE /* XCoordinatorRx in Frameworks */,
				F105DB622B601A9800851FBE /* Alamofire in Frameworks */,
				F105DB5D2B601A7E00851FBE /* XCoordinatorCombine in Frameworks */,
				F105DB512B6019D900851FBE /* Swinject in Frameworks */,
				F105DB532B6019D900851FBE /* Swinject-Dynamic in Frameworks */,
				F105DB672B601AB300851FBE /* SnapKit-Dynamic in Frameworks */,
				F105DB582B601A1600851FBE /* SwinjectAutoregistration-Dynamic in Frameworks */,
				F105DB652B601AB300851FBE /* SnapKit in Frameworks */,
				F105DB562B601A1600851FBE /* SwinjectAutoregistration in Frameworks */,
				F105DB5B2B601A7E00851FBE /* XCoordinator in Frameworks */,
			);
			runOnlyForDeploymentPostprocessing = 0;
		};
/* End PBXFrameworksBuildPhase section */

/* Begin PBXGroup section */
		F105DB2D2B6015A800851FBE = {
			isa = PBXGroup;
			children = (
				F105DB382B6015A800851FBE /* Bilimot */,
				F105DB372B6015A800851FBE /* Products */,
			);
			sourceTree = "<group>";
		};
		F105DB372B6015A800851FBE /* Products */ = {
			isa = PBXGroup;
			children = (
				F105DB362B6015A800851FBE /* Bilimot.app */,
			);
			name = Products;
			sourceTree = "<group>";
		};
		F105DB382B6015A800851FBE /* Bilimot */ = {
			isa = PBXGroup;
			children = (
				F1C65B472B6556A500B49A91 /* Application */,
				F1C65B4B2B6557F800B49A91 /* Base */,
				F1C65B5A2B65595000B49A91 /* DI */,
				F1C65B622B655A4000B49A91 /* Scenes */,
				F1C65B6C2B655CAB00B49A91 /* Extensions */,
				F1C65B712B655D2200B49A91 /* Models */,
				F1C65B732B655D4600B49A91 /* Services */,
				F1C65B482B6556B000B49A91 /* Resources */,
				F105DB472B6015A900851FBE /* Info.plist */,
			);
			path = Bilimot;
			sourceTree = "<group>";
		};
		F1362FED2B656679006D7E61 /* TabBars */ = {
			isa = PBXGroup;
			children = (
				F1362FF02B656697006D7E61 /* ClientTabBar */,
			);
			path = TabBars;
			sourceTree = "<group>";
		};
		F1362FF02B656697006D7E61 /* ClientTabBar */ = {
			isa = PBXGroup;
			children = (
				F1362FF12B6566A6006D7E61 /* ClientTabBarCoordinator.swift */,
				F1362FF32B6566C0006D7E61 /* ClientTabBarController.swift */,
			);
			path = ClientTabBar;
			sourceTree = "<group>";
		};
		F1C65B472B6556A500B49A91 /* Application */ = {
			isa = PBXGroup;
			children = (
				F105DB392B6015A800851FBE /* AppDelegate.swift */,
				F1C65B492B65577300B49A91 /* AppCoordinator.swift */,
			);
			path = Application;
			sourceTree = "<group>";
		};
		F1C65B482B6556B000B49A91 /* Resources */ = {
			isa = PBXGroup;
			children = (
				F105DB442B6015A900851FBE /* LaunchScreen.storyboard */,
				F105DB422B6015A900851FBE /* Assets.xcassets */,
			);
			path = Resources;
			sourceTree = "<group>";
		};
		F1C65B4B2B6557F800B49A91 /* Base */ = {
			isa = PBXGroup;
			children = (
				F1C65B4C2B65580C00B49A91 /* BaseView.swift */,
				F1C65B4E2B65583400B49A91 /* BaseController.swift */,
				F1C65B502B65588100B49A91 /* BaseNavigationController.swift */,
				F1C65B522B65589500B49A91 /* BaseViewModel.swift */,
				F1C65B542B6558D600B49A91 /* BaseTVCell.swift */,
				F1C65B562B65590500B49A91 /* BaseCVCell.swift */,
				F1C65B582B65592300B49A91 /* ReusableView.swift */,
			);
			path = Base;
			sourceTree = "<group>";
		};
		F1C65B5A2B65595000B49A91 /* DI */ = {
			isa = PBXGroup;
			children = (
				F1C65B5C2B65598000B49A91 /* Swinjectable.swift */,
				F1C65B5B2B65595F00B49A91 /* ModulesSwinject */,
			);
			path = DI;
			sourceTree = "<group>";
		};
		F1C65B5B2B65595F00B49A91 /* ModulesSwinject */ = {
			isa = PBXGroup;
			children = (
				F1C65B5E2B6559C400B49A91 /* ViewModulesAssembly.swift */,
				F1C65B602B6559F300B49A91 /* ServicesAssembly.swift */,
			);
			path = ModulesSwinject;
			sourceTree = "<group>";
		};
		F1C65B622B655A4000B49A91 /* Scenes */ = {
			isa = PBXGroup;
			children = (
				F1C65B642B655AA200B49A91 /* Client */,
				F1C65B632B655A5300B49A91 /* General */,
			);
			path = Scenes;
			sourceTree = "<group>";
		};
		F1C65B632B655A5300B49A91 /* General */ = {
			isa = PBXGroup;
			children = (
				F1362FED2B656679006D7E61 /* TabBars */,
			);
			path = General;
			sourceTree = "<group>";
		};
		F1C65B642B655AA200B49A91 /* Client */ = {
			isa = PBXGroup;
			children = (
				F1C65B672B655AC600B49A91 /* ClientGreeting */,
			);
			path = Client;
			sourceTree = "<group>";
		};
		F1C65B672B655AC600B49A91 /* ClientGreeting */ = {
			isa = PBXGroup;
			children = (
				F1C65B652B655AC100B49A91 /* ClientGreetingController.swift */,
				F1C65B682B655B2A00B49A91 /* ClientGreetingViewModel.swift */,
				F1C65B6A2B655BB900B49A91 /* ClientGreetingPresentable.swift */,
				F1C65B832B655FA900B49A91 /* ClientGreetingCoordinator.swift */,
			);
			path = ClientGreeting;
			sourceTree = "<group>";
		};
		F1C65B6C2B655CAB00B49A91 /* Extensions */ = {
			isa = PBXGroup;
			children = (
				F1C65B6D2B655CC000B49A91 /* UIView+Extensions.swift */,
				F1C65B6F2B655CF100B49A91 /* UIAlertController+Extension.swift */,
			);
			path = Extensions;
			sourceTree = "<group>";
		};
		F1C65B712B655D2200B49A91 /* Models */ = {
			isa = PBXGroup;
			children = (
				F1C65B722B655D3A00B49A91 /* ClientModels */,
			);
			path = Models;
			sourceTree = "<group>";
		};
		F1C65B722B655D3A00B49A91 /* ClientModels */ = {
			isa = PBXGroup;
			children = (
			);
			path = ClientModels;
			sourceTree = "<group>";
		};
		F1C65B732B655D4600B49A91 /* Services */ = {
			isa = PBXGroup;
			children = (
				F1C65B7E2B655EE600B49A91 /* UserDefaultsService */,
				F1C65B7B2B655EAD00B49A91 /* SwinjectServices */,
				F1C65B742B655D5900B49A91 /* NetworkService */,
			);
			path = Services;
			sourceTree = "<group>";
		};
		F1C65B742B655D5900B49A91 /* NetworkService */ = {
			isa = PBXGroup;
			children = (
				F1C65B752B655D7000B49A91 /* NetworkManager.swift */,
				F1C65B772B655D9600B49A91 /* NetworkURLs.swift */,
				F1C65B792B655E2700B49A91 /* NetworkManagerImpl.swift */,
			);
			path = NetworkService;
			sourceTree = "<group>";
		};
		F1C65B7B2B655EAD00B49A91 /* SwinjectServices */ = {
			isa = PBXGroup;
			children = (
				F1C65B7C2B655EB600B49A91 /* SwinjectServices.swift */,
			);
			path = SwinjectServices;
			sourceTree = "<group>";
		};
		F1C65B7E2B655EE600B49A91 /* UserDefaultsService */ = {
			isa = PBXGroup;
			children = (
				F1C65B7F2B655EF100B49A91 /* UserDefaultsService.swift */,
				F1C65B812B655F1000B49A91 /* UserDefaultsServiceKeys.swift */,
			);
			path = UserDefaultsService;
			sourceTree = "<group>";
		};
/* End PBXGroup section */

/* Begin PBXNativeTarget section */
		F105DB352B6015A800851FBE /* Bilimot */ = {
			isa = PBXNativeTarget;
			buildConfigurationList = F105DB4A2B6015A900851FBE /* Build configuration list for PBXNativeTarget "Bilimot" */;
			buildPhases = (
				F105DB322B6015A800851FBE /* Sources */,
				F105DB332B6015A800851FBE /* Frameworks */,
				F105DB342B6015A800851FBE /* Resources */,
			);
			buildRules = (
			);
			dependencies = (
				F1A6F55C2B6552C400C316F9 /* PBXTargetDependency */,
			);
			name = Bilimot;
			packageProductDependencies = (
				F105DB502B6019D900851FBE /* Swinject */,
				F105DB522B6019D900851FBE /* Swinject-Dynamic */,
				F105DB552B601A1600851FBE /* SwinjectAutoregistration */,
				F105DB572B601A1600851FBE /* SwinjectAutoregistration-Dynamic */,
				F105DB5A2B601A7E00851FBE /* XCoordinator */,
				F105DB5C2B601A7E00851FBE /* XCoordinatorCombine */,
				F105DB5E2B601A7E00851FBE /* XCoordinatorRx */,
				F105DB612B601A9800851FBE /* Alamofire */,
				F105DB642B601AB300851FBE /* SnapKit */,
				F105DB662B601AB300851FBE /* SnapKit-Dynamic */,
			);
			productName = AgroLab;
			productReference = F105DB362B6015A800851FBE /* Bilimot.app */;
			productType = "com.apple.product-type.application";
		};
/* End PBXNativeTarget section */

/* Begin PBXProject section */
		F105DB2E2B6015A800851FBE /* Project object */ = {
			isa = PBXProject;
			attributes = {
				BuildIndependentTargetsInParallel = 1;
				LastSwiftUpdateCheck = 1510;
				LastUpgradeCheck = 1510;
				TargetAttributes = {
					F105DB352B6015A800851FBE = {
						CreatedOnToolsVersion = 15.1;
					};
				};
			};
			buildConfigurationList = F105DB312B6015A800851FBE /* Build configuration list for PBXProject "Bilimot" */;
			compatibilityVersion = "Xcode 14.0";
			developmentRegion = en;
			hasScannedForEncodings = 0;
			knownRegions = (
				en,
				Base,
			);
			mainGroup = F105DB2D2B6015A800851FBE;
			packageReferences = (
				F105DB4F2B6019D900851FBE /* XCRemoteSwiftPackageReference "Swinject" */,
				F105DB542B601A1600851FBE /* XCRemoteSwiftPackageReference "SwinjectAutoregistration" */,
				F105DB592B601A7E00851FBE /* XCRemoteSwiftPackageReference "XCoordinator" */,
				F105DB602B601A9800851FBE /* XCRemoteSwiftPackageReference "Alamofire" */,
				F105DB632B601AB300851FBE /* XCRemoteSwiftPackageReference "SnapKit" */,
				F1A6F55A2B65529C00C316F9 /* XCRemoteSwiftPackageReference "SwiftLint" */,
			);
			productRefGroup = F105DB372B6015A800851FBE /* Products */;
			projectDirPath = "";
			projectRoot = "";
			targets = (
				F105DB352B6015A800851FBE /* Bilimot */,
			);
		};
/* End PBXProject section */

/* Begin PBXResourcesBuildPhase section */
		F105DB342B6015A800851FBE /* Resources */ = {
			isa = PBXResourcesBuildPhase;
			buildActionMask = 2147483647;
			files = (
				F105DB462B6015A900851FBE /* LaunchScreen.storyboard in Resources */,
				F105DB432B6015A900851FBE /* Assets.xcassets in Resources */,
			);
			runOnlyForDeploymentPostprocessing = 0;
		};
/* End PBXResourcesBuildPhase section */

/* Begin PBXSourcesBuildPhase section */
		F105DB322B6015A800851FBE /* Sources */ = {
			isa = PBXSourcesBuildPhase;
			buildActionMask = 2147483647;
			files = (
				F1C65B762B655D7000B49A91 /* NetworkManager.swift in Sources */,
				F1C65B702B655CF100B49A91 /* UIAlertController+Extension.swift in Sources */,
				F1C65B782B655D9600B49A91 /* NetworkURLs.swift in Sources */,
				F1C65B552B6558D600B49A91 /* BaseTVCell.swift in Sources */,
				F1C65B592B65592300B49A91 /* ReusableView.swift in Sources */,
				F1C65B4A2B65577300B49A91 /* AppCoordinator.swift in Sources */,
				F1C65B6B2B655BB900B49A91 /* ClientGreetingPresentable.swift in Sources */,
				F1C65B5F2B6559C400B49A91 /* ViewModulesAssembly.swift in Sources */,
				F1C65B6E2B655CC000B49A91 /* UIView+Extensions.swift in Sources */,
				F1C65B512B65588100B49A91 /* BaseNavigationController.swift in Sources */,
				F1C65B842B655FA900B49A91 /* ClientGreetingCoordinator.swift in Sources */,
				F1C65B822B655F1000B49A91 /* UserDefaultsServiceKeys.swift in Sources */,
				F1C65B7A2B655E2700B49A91 /* NetworkManagerImpl.swift in Sources */,
				F1C65B532B65589500B49A91 /* BaseViewModel.swift in Sources */,
				F1C65B802B655EF100B49A91 /* UserDefaultsService.swift in Sources */,
				F1C65B692B655B2A00B49A91 /* ClientGreetingViewModel.swift in Sources */,
				F1362FF42B6566C0006D7E61 /* ClientTabBarController.swift in Sources */,
				F1C65B4F2B65583400B49A91 /* BaseController.swift in Sources */,
				F105DB3A2B6015A800851FBE /* AppDelegate.swift in Sources */,
				F1362FF22B6566A6006D7E61 /* ClientTabBarCoordinator.swift in Sources */,
				F1C65B612B6559F300B49A91 /* ServicesAssembly.swift in Sources */,
				F1C65B5D2B65598000B49A91 /* Swinjectable.swift in Sources */,
				F1C65B7D2B655EB600B49A91 /* SwinjectServices.swift in Sources */,
				F1C65B4D2B65580C00B49A91 /* BaseView.swift in Sources */,
				F1C65B572B65590500B49A91 /* BaseCVCell.swift in Sources */,
				F1C65B662B655AC100B49A91 /* ClientGreetingController.swift in Sources */,
			);
			runOnlyForDeploymentPostprocessing = 0;
		};
/* End PBXSourcesBuildPhase section */

/* Begin PBXTargetDependency section */
		F1A6F55C2B6552C400C316F9 /* PBXTargetDependency */ = {
			isa = PBXTargetDependency;
			productRef = F1A6F55B2B6552C400C316F9 /* SwiftLintPlugin */;
		};
/* End PBXTargetDependency section */

/* Begin PBXVariantGroup section */
		F105DB442B6015A900851FBE /* LaunchScreen.storyboard */ = {
			isa = PBXVariantGroup;
			children = (
				F105DB452B6015A900851FBE /* Base */,
			);
			name = LaunchScreen.storyboard;
			sourceTree = "<group>";
		};
/* End PBXVariantGroup section */

/* Begin XCBuildConfiguration section */
		F105DB482B6015A900851FBE /* Debug */ = {
			isa = XCBuildConfiguration;
			buildSettings = {
				ALWAYS_SEARCH_USER_PATHS = NO;
				ASSETCATALOG_COMPILER_GENERATE_SWIFT_ASSET_SYMBOL_EXTENSIONS = YES;
				CLANG_ANALYZER_NONNULL = YES;
				CLANG_ANALYZER_NUMBER_OBJECT_CONVERSION = YES_AGGRESSIVE;
				CLANG_CXX_LANGUAGE_STANDARD = "gnu++20";
				CLANG_ENABLE_MODULES = YES;
				CLANG_ENABLE_OBJC_ARC = YES;
				CLANG_ENABLE_OBJC_WEAK = YES;
				CLANG_WARN_BLOCK_CAPTURE_AUTORELEASING = YES;
				CLANG_WARN_BOOL_CONVERSION = YES;
				CLANG_WARN_COMMA = YES;
				CLANG_WARN_CONSTANT_CONVERSION = YES;
				CLANG_WARN_DEPRECATED_OBJC_IMPLEMENTATIONS = YES;
				CLANG_WARN_DIRECT_OBJC_ISA_USAGE = YES_ERROR;
				CLANG_WARN_DOCUMENTATION_COMMENTS = YES;
				CLANG_WARN_EMPTY_BODY = YES;
				CLANG_WARN_ENUM_CONVERSION = YES;
				CLANG_WARN_INFINITE_RECURSION = YES;
				CLANG_WARN_INT_CONVERSION = YES;
				CLANG_WARN_NON_LITERAL_NULL_CONVERSION = YES;
				CLANG_WARN_OBJC_IMPLICIT_RETAIN_SELF = YES;
				CLANG_WARN_OBJC_LITERAL_CONVERSION = YES;
				CLANG_WARN_OBJC_ROOT_CLASS = YES_ERROR;
				CLANG_WARN_QUOTED_INCLUDE_IN_FRAMEWORK_HEADER = YES;
				CLANG_WARN_RANGE_LOOP_ANALYSIS = YES;
				CLANG_WARN_STRICT_PROTOTYPES = YES;
				CLANG_WARN_SUSPICIOUS_MOVE = YES;
				CLANG_WARN_UNGUARDED_AVAILABILITY = YES_AGGRESSIVE;
				CLANG_WARN_UNREACHABLE_CODE = YES;
				CLANG_WARN__DUPLICATE_METHOD_MATCH = YES;
				COPY_PHASE_STRIP = NO;
				DEBUG_INFORMATION_FORMAT = dwarf;
				ENABLE_STRICT_OBJC_MSGSEND = YES;
				ENABLE_TESTABILITY = YES;
				ENABLE_USER_SCRIPT_SANDBOXING = YES;
				GCC_C_LANGUAGE_STANDARD = gnu17;
				GCC_DYNAMIC_NO_PIC = NO;
				GCC_NO_COMMON_BLOCKS = YES;
				GCC_OPTIMIZATION_LEVEL = 0;
				GCC_PREPROCESSOR_DEFINITIONS = (
					"DEBUG=1",
					"$(inherited)",
				);
				GCC_WARN_64_TO_32_BIT_CONVERSION = YES;
				GCC_WARN_ABOUT_RETURN_TYPE = YES_ERROR;
				GCC_WARN_UNDECLARED_SELECTOR = YES;
				GCC_WARN_UNINITIALIZED_AUTOS = YES_AGGRESSIVE;
				GCC_WARN_UNUSED_FUNCTION = YES;
				GCC_WARN_UNUSED_VARIABLE = YES;
				IPHONEOS_DEPLOYMENT_TARGET = 17.2;
				LOCALIZATION_PREFERS_STRING_CATALOGS = YES;
				MTL_ENABLE_DEBUG_INFO = INCLUDE_SOURCE;
				MTL_FAST_MATH = YES;
				ONLY_ACTIVE_ARCH = YES;
				SDKROOT = iphoneos;
				SWIFT_ACTIVE_COMPILATION_CONDITIONS = "DEBUG $(inherited)";
				SWIFT_OPTIMIZATION_LEVEL = "-Onone";
			};
			name = Debug;
		};
		F105DB492B6015A900851FBE /* Release */ = {
			isa = XCBuildConfiguration;
			buildSettings = {
				ALWAYS_SEARCH_USER_PATHS = NO;
				ASSETCATALOG_COMPILER_GENERATE_SWIFT_ASSET_SYMBOL_EXTENSIONS = YES;
				CLANG_ANALYZER_NONNULL = YES;
				CLANG_ANALYZER_NUMBER_OBJECT_CONVERSION = YES_AGGRESSIVE;
				CLANG_CXX_LANGUAGE_STANDARD = "gnu++20";
				CLANG_ENABLE_MODULES = YES;
				CLANG_ENABLE_OBJC_ARC = YES;
				CLANG_ENABLE_OBJC_WEAK = YES;
				CLANG_WARN_BLOCK_CAPTURE_AUTORELEASING = YES;
				CLANG_WARN_BOOL_CONVERSION = YES;
				CLANG_WARN_COMMA = YES;
				CLANG_WARN_CONSTANT_CONVERSION = YES;
				CLANG_WARN_DEPRECATED_OBJC_IMPLEMENTATIONS = YES;
				CLANG_WARN_DIRECT_OBJC_ISA_USAGE = YES_ERROR;
				CLANG_WARN_DOCUMENTATION_COMMENTS = YES;
				CLANG_WARN_EMPTY_BODY = YES;
				CLANG_WARN_ENUM_CONVERSION = YES;
				CLANG_WARN_INFINITE_RECURSION = YES;
				CLANG_WARN_INT_CONVERSION = YES;
				CLANG_WARN_NON_LITERAL_NULL_CONVERSION = YES;
				CLANG_WARN_OBJC_IMPLICIT_RETAIN_SELF = YES;
				CLANG_WARN_OBJC_LITERAL_CONVERSION = YES;
				CLANG_WARN_OBJC_ROOT_CLASS = YES_ERROR;
				CLANG_WARN_QUOTED_INCLUDE_IN_FRAMEWORK_HEADER = YES;
				CLANG_WARN_RANGE_LOOP_ANALYSIS = YES;
				CLANG_WARN_STRICT_PROTOTYPES = YES;
				CLANG_WARN_SUSPICIOUS_MOVE = YES;
				CLANG_WARN_UNGUARDED_AVAILABILITY = YES_AGGRESSIVE;
				CLANG_WARN_UNREACHABLE_CODE = YES;
				CLANG_WARN__DUPLICATE_METHOD_MATCH = YES;
				COPY_PHASE_STRIP = NO;
				DEBUG_INFORMATION_FORMAT = "dwarf-with-dsym";
				ENABLE_NS_ASSERTIONS = NO;
				ENABLE_STRICT_OBJC_MSGSEND = YES;
				ENABLE_USER_SCRIPT_SANDBOXING = YES;
				GCC_C_LANGUAGE_STANDARD = gnu17;
				GCC_NO_COMMON_BLOCKS = YES;
				GCC_WARN_64_TO_32_BIT_CONVERSION = YES;
				GCC_WARN_ABOUT_RETURN_TYPE = YES_ERROR;
				GCC_WARN_UNDECLARED_SELECTOR = YES;
				GCC_WARN_UNINITIALIZED_AUTOS = YES_AGGRESSIVE;
				GCC_WARN_UNUSED_FUNCTION = YES;
				GCC_WARN_UNUSED_VARIABLE = YES;
				IPHONEOS_DEPLOYMENT_TARGET = 17.2;
				LOCALIZATION_PREFERS_STRING_CATALOGS = YES;
				MTL_ENABLE_DEBUG_INFO = NO;
				MTL_FAST_MATH = YES;
				SDKROOT = iphoneos;
				SWIFT_COMPILATION_MODE = wholemodule;
				VALIDATE_PRODUCT = YES;
			};
			name = Release;
		};
		F105DB4B2B6015A900851FBE /* Debug */ = {
			isa = XCBuildConfiguration;
			buildSettings = {
				ASSETCATALOG_COMPILER_APPICON_NAME = AppIcon;
				ASSETCATALOG_COMPILER_GLOBAL_ACCENT_COLOR_NAME = AccentColor;
				CODE_SIGN_STYLE = Automatic;
				CURRENT_PROJECT_VERSION = 1;
				DEVELOPMENT_TEAM = U53SQJ3W9A;
				GENERATE_INFOPLIST_FILE = YES;
				INFOPLIST_FILE = Bilimot/Info.plist;
				INFOPLIST_KEY_UIApplicationSupportsIndirectInputEvents = YES;
				INFOPLIST_KEY_UILaunchStoryboardName = LaunchScreen;
				INFOPLIST_KEY_UISupportedInterfaceOrientations_iPad = "UIInterfaceOrientationPortrait UIInterfaceOrientationPortraitUpsideDown UIInterfaceOrientationLandscapeLeft UIInterfaceOrientationLandscapeRight";
				INFOPLIST_KEY_UISupportedInterfaceOrientations_iPhone = "UIInterfaceOrientationPortrait UIInterfaceOrientationLandscapeLeft UIInterfaceOrientationLandscapeRight";
				LD_RUNPATH_SEARCH_PATHS = (
					"$(inherited)",
					"@executable_path/Frameworks",
				);
				MARKETING_VERSION = 1.0;
				PRODUCT_BUNDLE_IDENTIFIER = com.Aizat.AgroLab;
				PRODUCT_NAME = "$(TARGET_NAME)";
				SWIFT_EMIT_LOC_STRINGS = YES;
				SWIFT_VERSION = 5.0;
				TARGETED_DEVICE_FAMILY = "1,2";
			};
			name = Debug;
		};
		F105DB4C2B6015A900851FBE /* Release */ = {
			isa = XCBuildConfiguration;
			buildSettings = {
				ASSETCATALOG_COMPILER_APPICON_NAME = AppIcon;
				ASSETCATALOG_COMPILER_GLOBAL_ACCENT_COLOR_NAME = AccentColor;
				CODE_SIGN_STYLE = Automatic;
				CURRENT_PROJECT_VERSION = 1;
				DEVELOPMENT_TEAM = U53SQJ3W9A;
				GENERATE_INFOPLIST_FILE = YES;
				INFOPLIST_FILE = Bilimot/Info.plist;
				INFOPLIST_KEY_UIApplicationSupportsIndirectInputEvents = YES;
				INFOPLIST_KEY_UILaunchStoryboardName = LaunchScreen;
				INFOPLIST_KEY_UISupportedInterfaceOrientations_iPad = "UIInterfaceOrientationPortrait UIInterfaceOrientationPortraitUpsideDown UIInterfaceOrientationLandscapeLeft UIInterfaceOrientationLandscapeRight";
				INFOPLIST_KEY_UISupportedInterfaceOrientations_iPhone = "UIInterfaceOrientationPortrait UIInterfaceOrientationLandscapeLeft UIInterfaceOrientationLandscapeRight";
				LD_RUNPATH_SEARCH_PATHS = (
					"$(inherited)",
					"@executable_path/Frameworks",
				);
				MARKETING_VERSION = 1.0;
				PRODUCT_BUNDLE_IDENTIFIER = com.Aizat.AgroLab;
				PRODUCT_NAME = "$(TARGET_NAME)";
				SWIFT_EMIT_LOC_STRINGS = YES;
				SWIFT_VERSION = 5.0;
				TARGETED_DEVICE_FAMILY = "1,2";
			};
			name = Release;
		};
/* End XCBuildConfiguration section */

/* Begin XCConfigurationList section */
		F105DB312B6015A800851FBE /* Build configuration list for PBXProject "Bilimot" */ = {
			isa = XCConfigurationList;
			buildConfigurations = (
				F105DB482B6015A900851FBE /* Debug */,
				F105DB492B6015A900851FBE /* Release */,
			);
			defaultConfigurationIsVisible = 0;
			defaultConfigurationName = Release;
		};
		F105DB4A2B6015A900851FBE /* Build configuration list for PBXNativeTarget "Bilimot" */ = {
			isa = XCConfigurationList;
			buildConfigurations = (
				F105DB4B2B6015A900851FBE /* Debug */,
				F105DB4C2B6015A900851FBE /* Release */,
			);
			defaultConfigurationIsVisible = 0;
			defaultConfigurationName = Release;
		};
/* End XCConfigurationList section */

/* Begin XCRemoteSwiftPackageReference section */
		F105DB4F2B6019D900851FBE /* XCRemoteSwiftPackageReference "Swinject" */ = {
			isa = XCRemoteSwiftPackageReference;
			repositoryURL = "https://github.com/Swinject/Swinject.git";
			requirement = {
				kind = upToNextMajorVersion;
				minimumVersion = 2.0.0;
			};
		};
		F105DB542B601A1600851FBE /* XCRemoteSwiftPackageReference "SwinjectAutoregistration" */ = {
			isa = XCRemoteSwiftPackageReference;
			repositoryURL = "https://github.com/Swinject/SwinjectAutoregistration.git";
			requirement = {
				kind = upToNextMajorVersion;
				minimumVersion = 2.0.0;
			};
		};
		F105DB592B601A7E00851FBE /* XCRemoteSwiftPackageReference "XCoordinator" */ = {
			isa = XCRemoteSwiftPackageReference;
			repositoryURL = "https://github.com/QuickBirdEng/XCoordinator.git";
			requirement = {
				kind = upToNextMajorVersion;
				minimumVersion = 2.0.0;
			};
		};
		F105DB602B601A9800851FBE /* XCRemoteSwiftPackageReference "Alamofire" */ = {
			isa = XCRemoteSwiftPackageReference;
			repositoryURL = "https://github.com/Alamofire/Alamofire.git";
			requirement = {
				kind = upToNextMajorVersion;
				minimumVersion = 5.8.1;
			};
		};
		F105DB632B601AB300851FBE /* XCRemoteSwiftPackageReference "SnapKit" */ = {
			isa = XCRemoteSwiftPackageReference;
			repositoryURL = "https://github.com/SnapKit/SnapKit.git";
			requirement = {
				kind = upToNextMajorVersion;
				minimumVersion = 5.7.0;
			};
		};
		F1A6F55A2B65529C00C316F9 /* XCRemoteSwiftPackageReference "SwiftLint" */ = {
			isa = XCRemoteSwiftPackageReference;
			repositoryURL = "https://github.com/realm/SwiftLint.git";
			requirement = {
				kind = upToNextMajorVersion;
				minimumVersion = 0.54.0;
			};
		};
/* End XCRemoteSwiftPackageReference section */

/* Begin XCSwiftPackageProductDependency section */
		F105DB502B6019D900851FBE /* Swinject */ = {
			isa = XCSwiftPackageProductDependency;
			package = F105DB4F2B6019D900851FBE /* XCRemoteSwiftPackageReference "Swinject" */;
			productName = Swinject;
		};
		F105DB522B6019D900851FBE /* Swinject-Dynamic */ = {
			isa = XCSwiftPackageProductDependency;
			package = F105DB4F2B6019D900851FBE /* XCRemoteSwiftPackageReference "Swinject" */;
			productName = "Swinject-Dynamic";
		};
		F105DB552B601A1600851FBE /* SwinjectAutoregistration */ = {
			isa = XCSwiftPackageProductDependency;
			package = F105DB542B601A1600851FBE /* XCRemoteSwiftPackageReference "SwinjectAutoregistration" */;
			productName = SwinjectAutoregistration;
		};
		F105DB572B601A1600851FBE /* SwinjectAutoregistration-Dynamic */ = {
			isa = XCSwiftPackageProductDependency;
			package = F105DB542B601A1600851FBE /* XCRemoteSwiftPackageReference "SwinjectAutoregistration" */;
			productName = "SwinjectAutoregistration-Dynamic";
		};
		F105DB5A2B601A7E00851FBE /* XCoordinator */ = {
			isa = XCSwiftPackageProductDependency;
			package = F105DB592B601A7E00851FBE /* XCRemoteSwiftPackageReference "XCoordinator" */;
			productName = XCoordinator;
		};
		F105DB5C2B601A7E00851FBE /* XCoordinatorCombine */ = {
			isa = XCSwiftPackageProductDependency;
			package = F105DB592B601A7E00851FBE /* XCRemoteSwiftPackageReference "XCoordinator" */;
			productName = XCoordinatorCombine;
		};
		F105DB5E2B601A7E00851FBE /* XCoordinatorRx */ = {
			isa = XCSwiftPackageProductDependency;
			package = F105DB592B601A7E00851FBE /* XCRemoteSwiftPackageReference "XCoordinator" */;
			productName = XCoordinatorRx;
		};
		F105DB612B601A9800851FBE /* Alamofire */ = {
			isa = XCSwiftPackageProductDependency;
			package = F105DB602B601A9800851FBE /* XCRemoteSwiftPackageReference "Alamofire" */;
			productName = Alamofire;
		};
		F105DB642B601AB300851FBE /* SnapKit */ = {
			isa = XCSwiftPackageProductDependency;
			package = F105DB632B601AB300851FBE /* XCRemoteSwiftPackageReference "SnapKit" */;
			productName = SnapKit;
		};
		F105DB662B601AB300851FBE /* SnapKit-Dynamic */ = {
			isa = XCSwiftPackageProductDependency;
			package = F105DB632B601AB300851FBE /* XCRemoteSwiftPackageReference "SnapKit" */;
			productName = "SnapKit-Dynamic";
		};
		F1A6F55B2B6552C400C316F9 /* SwiftLintPlugin */ = {
			isa = XCSwiftPackageProductDependency;
			package = F1A6F55A2B65529C00C316F9 /* XCRemoteSwiftPackageReference "SwiftLint" */;
			productName = "plugin:SwiftLintPlugin";
		};
/* End XCSwiftPackageProductDependency section */
	};
	rootObject = F105DB2E2B6015A800851FBE /* Project object */;
}
